<?xml version="1.0"?>
<Project ToolsVersion="4.0" xmlns="http://schemas.microsoft.com/developer/msbuild/2003">
	<ItemGroup>
		<ClCompile Include="src\ofApp.cpp">
			<Filter>src</Filter>
		</ClCompile>
		<ClCompile Include="src\main.cpp">
			<Filter>src</Filter>
		</ClCompile>
		<ClCompile Include="..\..\..\addons\ofxPostProcessing\src\BleachBypassPass.cpp">
			<Filter>addons\ofxPostProcessing\src</Filter>
		</ClCompile>
		<ClCompile Include="..\..\..\addons\ofxPostProcessing\src\BloomPass.cpp">
			<Filter>addons\ofxPostProcessing\src</Filter>
		</ClCompile>
		<ClCompile Include="..\..\..\addons\ofxPostProcessing\src\ContrastPass.cpp">
			<Filter>addons\ofxPostProcessing\src</Filter>
		</ClCompile>
		<ClCompile Include="..\..\..\addons\ofxPostProcessing\src\ConvolutionPass.cpp">
			<Filter>addons\ofxPostProcessing\src</Filter>
		</ClCompile>
		<ClCompile Include="..\..\..\addons\ofxPostProcessing\src\DofAltPass.cpp">
			<Filter>addons\ofxPostProcessing\src</Filter>
		</ClCompile>
		<ClCompile Include="..\..\..\addons\ofxPostProcessing\src\DofPass.cpp">
			<Filter>addons\ofxPostProcessing\src</Filter>
		</ClCompile>
		<ClCompile Include="..\..\..\addons\ofxPostProcessing\src\EdgePass.cpp">
			<Filter>addons\ofxPostProcessing\src</Filter>
		</ClCompile>
		<ClCompile Include="..\..\..\addons\ofxPostProcessing\src\FakeSSSPass.cpp">
			<Filter>addons\ofxPostProcessing\src</Filter>
		</ClCompile>
		<ClCompile Include="..\..\..\addons\ofxPostProcessing\src\FxaaPass.cpp">
			<Filter>addons\ofxPostProcessing\src</Filter>
		</ClCompile>
		<ClCompile Include="..\..\..\addons\ofxPostProcessing\src\GodRaysPass.cpp">
			<Filter>addons\ofxPostProcessing\src</Filter>
		</ClCompile>
		<ClCompile Include="..\..\..\addons\ofxPostProcessing\src\HorizontalTiltShifPass.cpp">
			<Filter>addons\ofxPostProcessing\src</Filter>
		</ClCompile>
		<ClCompile Include="..\..\..\addons\ofxPostProcessing\src\HsbShiftPass.cpp">
			<Filter>addons\ofxPostProcessing\src</Filter>
		</ClCompile>
		<ClCompile Include="..\..\..\addons\ofxPostProcessing\src\KaleidoscopePass.cpp">
			<Filter>addons\ofxPostProcessing\src</Filter>
		</ClCompile>
		<ClCompile Include="..\..\..\addons\ofxPostProcessing\src\LimbDarkeningPass.cpp">
			<Filter>addons\ofxPostProcessing\src</Filter>
		</ClCompile>
		<ClCompile Include="..\..\..\addons\ofxPostProcessing\src\LUTPass.cpp">
			<Filter>addons\ofxPostProcessing\src</Filter>
		</ClCompile>
		<ClCompile Include="..\..\..\addons\ofxPostProcessing\src\NoiseWarpPass.cpp">
			<Filter>addons\ofxPostProcessing\src</Filter>
		</ClCompile>
		<ClCompile Include="..\..\..\addons\ofxPostProcessing\src\PixelatePass.cpp">
			<Filter>addons\ofxPostProcessing\src</Filter>
		</ClCompile>
		<ClCompile Include="..\..\..\addons\ofxPostProcessing\src\PostProcessing.cpp">
			<Filter>addons\ofxPostProcessing\src</Filter>
		</ClCompile>
		<ClCompile Include="..\..\..\addons\ofxPostProcessing\src\RenderPass.cpp">
			<Filter>addons\ofxPostProcessing\src</Filter>
		</ClCompile>
		<ClCompile Include="..\..\..\addons\ofxPostProcessing\src\RGBShiftPass.cpp">
			<Filter>addons\ofxPostProcessing\src</Filter>
		</ClCompile>
		<ClCompile Include="..\..\..\addons\ofxPostProcessing\src\RimHighlightingPass.cpp">
			<Filter>addons\ofxPostProcessing\src</Filter>
		</ClCompile>
		<ClCompile Include="..\..\..\addons\ofxPostProcessing\src\SSAOPass.cpp">
			<Filter>addons\ofxPostProcessing\src</Filter>
		</ClCompile>
		<ClCompile Include="..\..\..\addons\ofxPostProcessing\src\ToonPass.cpp">
			<Filter>addons\ofxPostProcessing\src</Filter>
		</ClCompile>
		<ClCompile Include="..\..\..\addons\ofxPostProcessing\src\VerticalTiltShifPass.cpp">
			<Filter>addons\ofxPostProcessing\src</Filter>
		</ClCompile>
		<ClCompile Include="..\..\..\addons\ofxPostProcessing\src\ZoomBlurPass.cpp">
			<Filter>addons\ofxPostProcessing\src</Filter>
		</ClCompile>
	</ItemGroup>
	<ItemGroup>
		<Filter Include="src">
			<UniqueIdentifier>{d8376475-7454-4a24-b08a-aac121d3ad6f}</UniqueIdentifier>
		</Filter>
		<Filter Include="addons">
			<UniqueIdentifier>{71834F65-F3A9-211E-73B8-DC85}</UniqueIdentifier>
		</Filter>
		<Filter Include="addons\ofxPostProcessing">
			<UniqueIdentifier>{AB514210-24FF-87A6-AE4B-9AE5}</UniqueIdentifier>
		</Filter>
		<Filter Include="addons\ofxPostProcessing\src">
			<UniqueIdentifier>{8E4D751F-6272-927D-3C6E-AFCE}</UniqueIdentifier>
		</Filter>
	</ItemGroup>
	<ItemGroup>
		<ClInclude Include="src\ofApp.h">
			<Filter>src</Filter>
		</ClInclude>
		<ClInclude Include="..\..\..\addons\ofxPostProcessing\src\BleachBypassPass.h">
			<Filter>addons\ofxPostProcessing\src</Filter>
		</ClInclude>
		<ClInclude Include="..\..\..\addons\ofxPostProcessing\src\BloomPass.h">
			<Filter>addons\ofxPostProcessing\src</Filter>
		</ClInclude>
		<ClInclude Include="..\..\..\addons\ofxPostProcessing\src\ContrastPass.h">
			<Filter>addons\ofxPostProcessing\src</Filter>
		</ClInclude>
		<ClInclude Include="..\..\..\addons\ofxPostProcessing\src\ConvolutionPass.h">
			<Filter>addons\ofxPostProcessing\src</Filter>
		</ClInclude>
		<ClInclude Include="..\..\..\addons\ofxPostProcessing\src\DofAltPass.h">
			<Filter>addons\ofxPostProcessing\src</Filter>
		</ClInclude>
		<ClInclude Include="..\..\..\addons\ofxPostProcessing\src\DofPass.h">
			<Filter>addons\ofxPostProcessing\src</Filter>
		</ClInclude>
		<ClInclude Include="..\..\..\addons\ofxPostProcessing\src\EdgePass.h">
			<Filter>addons\ofxPostProcessing\src</Filter>
		</ClInclude>
		<ClInclude Include="..\..\..\addons\ofxPostProcessing\src\FakeSSSPass.h">
			<Filter>addons\ofxPostProcessing\src</Filter>
		</ClInclude>
		<ClInclude Include="..\..\..\addons\ofxPostProcessing\src\FxaaPass.h">
			<Filter>addons\ofxPostProcessing\src</Filter>
		</ClInclude>
		<ClInclude Include="..\..\..\addons\ofxPostProcessing\src\GodRaysPass.h">
			<Filter>addons\ofxPostProcessing\src</Filter>
		</ClInclude>
		<ClInclude Include="..\..\..\addons\ofxPostProcessing\src\HorizontalTiltShifPass.h">
			<Filter>addons\ofxPostProcessing\src</Filter>
		</ClInclude>
		<ClInclude Include="..\..\..\addons\ofxPostProcessing\src\HsbShiftPass.h">
			<Filter>addons\ofxPostProcessing\src</Filter>
		</ClInclude>
		<ClInclude Include="..\..\..\addons\ofxPostProcessing\src\KaleidoscopePass.h">
			<Filter>addons\ofxPostProcessing\src</Filter>
		</ClInclude>
		<ClInclude Include="..\..\..\addons\ofxPostProcessing\src\LimbDarkeningPass.h">
			<Filter>addons\ofxPostProcessing\src</Filter>
		</ClInclude>
		<ClInclude Include="..\..\..\addons\ofxPostProcessing\src\LUTPass.h">
			<Filter>addons\ofxPostProcessing\src</Filter>
		</ClInclude>
		<ClInclude Include="..\..\..\addons\ofxPostProcessing\src\NoiseWarpPass.h">
			<Filter>addons\ofxPostProcessing\src</Filter>
		</ClInclude>
		<ClInclude Include="..\..\..\addons\ofxPostProcessing\src\ofxPostProcessing.h">
			<Filter>addons\ofxPostProcessing\src</Filter>
		</ClInclude>
		<ClInclude Include="..\..\..\addons\ofxPostProcessing\src\PixelatePass.h">
			<Filter>addons\ofxPostProcessing\src</Filter>
		</ClInclude>
		<ClInclude Include="..\..\..\addons\ofxPostProcessing\src\PostProcessing.h">
			<Filter>addons\ofxPostProcessing\src</Filter>
		</ClInclude>
		<ClInclude Include="..\..\..\addons\ofxPostProcessing\src\RenderPass.h">
			<Filter>addons\ofxPostProcessing\src</Filter>
		</ClInclude>
		<ClInclude Include="..\..\..\addons\ofxPostProcessing\src\RGBShiftPass.h">
			<Filter>addons\ofxPostProcessing\src</Filter>
		</ClInclude>
		<ClInclude Include="..\..\..\addons\ofxPostProcessing\src\RimHighlightingPass.h">
			<Filter>addons\ofxPostProcessing\src</Filter>
		</ClInclude>
		<ClInclude Include="..\..\..\addons\ofxPostProcessing\src\SSAOPass.h">
			<Filter>addons\ofxPostProcessing\src</Filter>
		</ClInclude>
		<ClInclude Include="..\..\..\addons\ofxPostProcessing\src\ToonPass.h">
			<Filter>addons\ofxPostProcessing\src</Filter>
		</ClInclude>
		<ClInclude Include="..\..\..\addons\ofxPostProcessing\src\VerticalTiltShifPass.h">
			<Filter>addons\ofxPostProcessing\src</Filter>
		</ClInclude>
		<ClInclude Include="..\..\..\addons\ofxPostProcessing\src\ZoomBlurPass.h">
			<Filter>addons\ofxPostProcessing\src</Filter>
		</ClInclude>
	</ItemGroup>
	<ItemGroup>
		<ResourceCompile Include="icon.rc" />
	</ItemGroup>
</Project>
