<?xml version="1.0" encoding="utf-8"?>
<Project ToolsVersion="4.0" xmlns="http://schemas.microsoft.com/developer/msbuild/2003">
  <ItemGroup>
    <Filter Include="addons">
      <UniqueIdentifier>{93995380-89BD-4b04-88EB-625FBE52EBFB}</UniqueIdentifier>
      <Extensions>h;hh;hpp;hxx;hm;inl;inc;xsd</Extensions>
    </Filter>
    <Filter Include="src">
      <UniqueIdentifier>{4FC737F1-C7A5-4376-A066-2A32D752A2FF}</UniqueIdentifier>
      <Extensions>cpp;c;cc;cxx;def;odl;idl;hpj;bat;asm;asmx</Extensions>
    </Filter>
    <Filter Include="addons\ofxPostProcessing">
      <UniqueIdentifier>{13949650-ac8b-4781-83cd-3ab007c541e7}</UniqueIdentifier>
    </Filter>
    <Filter Include="addons\ofxPostProcessing\src">
      <UniqueIdentifier>{0aab0082-9f2f-402f-be54-d8919ed7cbad}</UniqueIdentifier>
    </Filter>
  </ItemGroup>
  <ItemGroup>
    <ClCompile Include="src\main.cpp">
      <Filter>src</Filter>
    </ClCompile>
    <ClCompile Include="src\testApp.cpp">
      <Filter>src</Filter>
    </ClCompile>
    <ClCompile Include="..\src\BleachBypassPass.cpp">
      <Filter>addons\ofxPostProcessing\src</Filter>
    </ClCompile>
    <ClCompile Include="..\src\BloomPass.cpp">
      <Filter>addons\ofxPostProcessing\src</Filter>
    </ClCompile>
    <ClCompile Include="..\src\ContrastPass.cpp">
      <Filter>addons\ofxPostProcessing\src</Filter>
    </ClCompile>
    <ClCompile Include="..\src\ConvolutionPass.cpp">
      <Filter>addons\ofxPostProcessing\src</Filter>
    </ClCompile>
    <ClCompile Include="..\src\DofAltPass.cpp">
      <Filter>addons\ofxPostProcessing\src</Filter>
    </ClCompile>
    <ClCompile Include="..\src\DofPass.cpp">
      <Filter>addons\ofxPostProcessing\src</Filter>
    </ClCompile>
    <ClCompile Include="..\src\EdgePass.cpp">
      <Filter>addons\ofxPostProcessing\src</Filter>
    </ClCompile>
    <ClCompile Include="..\src\FakeSSSPass.cpp">
      <Filter>addons\ofxPostProcessing\src</Filter>
    </ClCompile>
    <ClCompile Include="..\src\FxaaPass.cpp">
      <Filter>addons\ofxPostProcessing\src</Filter>
    </ClCompile>
    <ClCompile Include="..\src\GodRaysPass.cpp">
      <Filter>addons\ofxPostProcessing\src</Filter>
    </ClCompile>
    <ClCompile Include="..\src\HorizontalTiltShifPass.cpp">
      <Filter>addons\ofxPostProcessing\src</Filter>
    </ClCompile>
    <ClCompile Include="..\src\KaleidoscopePass.cpp">
      <Filter>addons\ofxPostProcessing\src</Filter>
    </ClCompile>
    <ClCompile Include="..\src\LimbDarkeningPass.cpp">
      <Filter>addons\ofxPostProcessing\src</Filter>
    </ClCompile>
    <ClCompile Include="..\src\LUTPass.cpp">
      <Filter>addons\ofxPostProcessing\src</Filter>
    </ClCompile>
    <ClCompile Include="..\src\NoiseWarpPass.cpp">
      <Filter>addons\ofxPostProcessing\src</Filter>
    </ClCompile>
    <ClCompile Include="..\src\PixelatePass.cpp">
      <Filter>addons\ofxPostProcessing\src</Filter>
    </ClCompile>
    <ClCompile Include="..\src\PostProcessing.cpp">
      <Filter>addons\ofxPostProcessing\src</Filter>
    </ClCompile>
    <ClCompile Include="..\src\RenderPass.cpp">
      <Filter>addons\ofxPostProcessing\src</Filter>
    </ClCompile>
    <ClCompile Include="..\src\RGBShiftPass.cpp">
      <Filter>addons\ofxPostProcessing\src</Filter>
    </ClCompile>
    <ClCompile Include="..\src\RimHighlightingPass.cpp">
      <Filter>addons\ofxPostProcessing\src</Filter>
    </ClCompile>
    <ClCompile Include="..\src\SSAOPass.cpp">
      <Filter>addons\ofxPostProcessing\src</Filter>
    </ClCompile>
    <ClCompile Include="..\src\ToonPass.cpp">
      <Filter>addons\ofxPostProcessing\src</Filter>
    </ClCompile>
    <ClCompile Include="..\src\VerticalTiltShifPass.cpp">
      <Filter>addons\ofxPostProcessing\src</Filter>
    </ClCompile>
    <ClCompile Include="..\src\ZoomBlurPass.cpp">
      <Filter>addons\ofxPostProcessing\src</Filter>
    </ClCompile>
  </ItemGroup>
  <ItemGroup>
    <ClInclude Include="src\testApp.h">
      <Filter>src</Filter>
    </ClInclude>
    <ClInclude Include="..\src\BleachBypassPass.h">
      <Filter>addons\ofxPostProcessing\src</Filter>
    </ClInclude>
    <ClInclude Include="..\src\BloomPass.h">
      <Filter>addons\ofxPostProcessing\src</Filter>
    </ClInclude>
    <ClInclude Include="..\src\ContrastPass.h">
      <Filter>addons\ofxPostProcessing\src</Filter>
    </ClInclude>
    <ClInclude Include="..\src\ConvolutionPass.h">
      <Filter>addons\ofxPostProcessing\src</Filter>
    </ClInclude>
    <ClInclude Include="..\src\DofAltPass.h">
      <Filter>addons\ofxPostProcessing\src</Filter>
    </ClInclude>
    <ClInclude Include="..\src\DofPass.h">
      <Filter>addons\ofxPostProcessing\src</Filter>
    </ClInclude>
    <ClInclude Include="..\src\EdgePass.h">
      <Filter>addons\ofxPostProcessing\src</Filter>
    </ClInclude>
    <ClInclude Include="..\src\FakeSSSPass.h">
      <Filter>addons\ofxPostProcessing\src</Filter>
    </ClInclude>
    <ClInclude Include="..\src\FxaaPass.h">
      <Filter>addons\ofxPostProcessing\src</Filter>
    </ClInclude>
    <ClInclude Include="..\src\GodRaysPass.h">
      <Filter>addons\ofxPostProcessing\src</Filter>
    </ClInclude>
    <ClInclude Include="..\src\HorizontalTiltShifPass.h">
      <Filter>addons\ofxPostProcessing\src</Filter>
    </ClInclude>
    <ClInclude Include="..\src\KaleidoscopePass.h">
      <Filter>addons\ofxPostProcessing\src</Filter>
    </ClInclude>
    <ClInclude Include="..\src\LimbDarkeningPass.h">
      <Filter>addons\ofxPostProcessing\src</Filter>
    </ClInclude>
    <ClInclude Include="..\src\LUTPass.h">
      <Filter>addons\ofxPostProcessing\src</Filter>
    </ClInclude>
    <ClInclude Include="..\src\NoiseWarpPass.h">
      <Filter>addons\ofxPostProcessing\src</Filter>
    </ClInclude>
    <ClInclude Include="..\src\ofxPostProcessing.h">
      <Filter>addons\ofxPostProcessing\src</Filter>
    </ClInclude>
    <ClInclude Include="..\src\PixelatePass.h">
      <Filter>addons\ofxPostProcessing\src</Filter>
    </ClInclude>
    <ClInclude Include="..\src\PostProcessing.h">
      <Filter>addons\ofxPostProcessing\src</Filter>
    </ClInclude>
    <ClInclude Include="..\src\RenderPass.h">
      <Filter>addons\ofxPostProcessing\src</Filter>
    </ClInclude>
    <ClInclude Include="..\src\RGBShiftPass.h">
      <Filter>addons\ofxPostProcessing\src</Filter>
    </ClInclude>
    <ClInclude Include="..\src\RimHighlightingPass.h">
      <Filter>addons\ofxPostProcessing\src</Filter>
    </ClInclude>
    <ClInclude Include="..\src\SSAOPass.h">
      <Filter>addons\ofxPostProcessing\src</Filter>
    </ClInclude>
    <ClInclude Include="..\src\ToonPass.h">
      <Filter>addons\ofxPostProcessing\src</Filter>
    </ClInclude>
    <ClInclude Include="..\src\VerticalTiltShifPass.h">
      <Filter>addons\ofxPostProcessing\src</Filter>
    </ClInclude>
    <ClInclude Include="..\src\ZoomBlurPass.h">
      <Filter>addons\ofxPostProcessing\src</Filter>
    </ClInclude>
  </ItemGroup>
</Project>